
Microsoft Visual Studio Solution File, Format Version 12.00
# Visual Studio Version 17
VisualStudioVersion = 17.5.33516.290
MinimumVisualStudioVersion = 10.0.40219.1
Project("{FAE04EC0-301F-11D3-BF4B-00C04F79EFBC}") = "Portfolio", "Portfolio\Portfolio.csproj", "{58499D0E-0678-4D03-A3BE-9A7E4012C96E}"
EndProject
Global
	GlobalSection(SolutionConfigurationPlatforms) = preSolution
		Debug|Any CPU = Debug|Any CPU
		Release|Any CPU = Release|Any CPU
	EndGlobalSection
	GlobalSection(ProjectConfigurationPlatforms) = postSolution
		{58499D0E-0678-4D03-A3BE-9A7E4012C96E}.Debug|Any CPU.ActiveCfg = Debug|Any CPU
		{58499D0E-0678-4D03-A3BE-9A7E4012C96E}.Debug|Any CPU.Build.0 = Debug|Any CPU
		{58499D0E-0678-4D03-A3BE-9A7E4012C96E}.Release|Any CPU.ActiveCfg = Release|Any CPU
		{58499D0E-0678-4D03-A3BE-9A7E4012C96E}.Release|Any CPU.Build.0 = Release|Any CPU
	EndGlobalSection
	GlobalSection(SolutionProperties) = preSolution
		HideSolutionNode = FALSE
	EndGlobalSection
	GlobalSection(ExtensibilityGlobals) = postSolution
		SolutionGuid = {BADF855C-9279-4784-B3E8-717953A41D25}
	EndGlobalSection
EndGlobal
